{
  "name": "locus-ios",
  "lockfileVersion": 3,
  "requires": true,
  "packages": {
    "": {
      "dependencies": {
        "bplist-parser": "^0.3.2"
      }
    },
    "node_modules/big-integer": {
      "version": "1.6.52",
      "resolved": "https://registry.npmjs.org/big-integer/-/big-integer-1.6.52.tgz",
      "integrity": "sha512-QxD8cf2eVqJOOz63z6JIN9BzvVs/dlySa5HGSBH5xtR8dPteIRQnBxxKqkNTiT6jbDTF6jAfrd4oMcND9RGbQg==",
      "engines": {
        "node": ">=0.6"
      }
    },
    "node_modules/bplist-parser": {
      "version": "0.3.2",
      "resolved": "https://registry.npmjs.org/bplist-parser/-/bplist-parser-0.3.2.tgz",
      "integrity": "sha512-apC2+fspHGI3mMKj+dGevkGo/tCqVB8jMb6i+OX+E29p0Iposz07fABkRIfVUPNd5A5VbuOz1bZbnmkKLYF+wQ==",
      "dependencies": {
        "big-integer": "1.6.x"
      },
      "engines": {
        "node": ">= 5.10.0"
      }
    }
  }
}
